
Microsoft Visual Studio Solution File, Format Version 12.00
# Visual Studio 15
Project("{FAE04EC0-301F-11D3-BF4B-00C04F79EFBC}") = "zomb", "zomb.csproj", "{2D28807E-52F9-25DE-058D-FD6BA9A6FF7D}"
EndProject
Project("{FAE04EC0-301F-11D3-BF4B-00C04F79EFBC}") = "zomb.Editor", "zomb.Editor.csproj", "{F0584F19-068A-5CE4-DD71-216C134B852E}"
EndProject
Global
	GlobalSection(SolutionConfigurationPlatforms) = preSolution
		Debug|Any CPU = Debug|Any CPU
		Release|Any CPU = Release|Any CPU
	EndGlobalSection
	GlobalSection(ProjectConfigurationPlatforms) = postSolution
		{2D28807E-52F9-25DE-058D-FD6BA9A6FF7D}.Debug|Any CPU.ActiveCfg = Debug|Any CPU
		{2D28807E-52F9-25DE-058D-FD6BA9A6FF7D}.Debug|Any CPU.Build.0 = Debug|Any CPU
		{2D28807E-52F9-25DE-058D-FD6BA9A6FF7D}.Release|Any CPU.ActiveCfg = Release|Any CPU
		{2D28807E-52F9-25DE-058D-FD6BA9A6FF7D}.Release|Any CPU.Build.0 = Release|Any CPU
		{F0584F19-068A-5CE4-DD71-216C134B852E}.Debug|Any CPU.ActiveCfg = Debug|Any CPU
		{F0584F19-068A-5CE4-DD71-216C134B852E}.Debug|Any CPU.Build.0 = Debug|Any CPU
		{F0584F19-068A-5CE4-DD71-216C134B852E}.Release|Any CPU.ActiveCfg = Release|Any CPU
		{F0584F19-068A-5CE4-DD71-216C134B852E}.Release|Any CPU.Build.0 = Release|Any CPU
	EndGlobalSection
	GlobalSection(SolutionProperties) = preSolution
		HideSolutionNode = FALSE
	EndGlobalSection
EndGlobal
