
Microsoft Visual Studio Solution File, Format Version 11.00
# Visual Studio 2010
Project("{FAE04EC0-301F-11D3-BF4B-00C04F79EFBC}") = "zombgirl", "Assembly-CSharp.csproj", "{C1BD35E4-9E81-8664-66F2-9F0C0EC0ABFF}"
EndProject
Project("{FAE04EC0-301F-11D3-BF4B-00C04F79EFBC}") = "zombgirl", "Assembly-CSharp-Editor.csproj", "{06B83F5C-B5A2-4E62-CBAC-BC88866E9045}"
EndProject
Global
	GlobalSection(SolutionConfigurationPlatforms) = preSolution
		Debug|Any CPU = Debug|Any CPU
		Release|Any CPU = Release|Any CPU
	EndGlobalSection
	GlobalSection(ProjectConfigurationPlatforms) = postSolution
		{C1BD35E4-9E81-8664-66F2-9F0C0EC0ABFF}.Debug|Any CPU.ActiveCfg = Debug|Any CPU
		{C1BD35E4-9E81-8664-66F2-9F0C0EC0ABFF}.Debug|Any CPU.Build.0 = Debug|Any CPU
		{C1BD35E4-9E81-8664-66F2-9F0C0EC0ABFF}.Release|Any CPU.ActiveCfg = Release|Any CPU
		{C1BD35E4-9E81-8664-66F2-9F0C0EC0ABFF}.Release|Any CPU.Build.0 = Release|Any CPU
		{06B83F5C-B5A2-4E62-CBAC-BC88866E9045}.Debug|Any CPU.ActiveCfg = Debug|Any CPU
		{06B83F5C-B5A2-4E62-CBAC-BC88866E9045}.Debug|Any CPU.Build.0 = Debug|Any CPU
		{06B83F5C-B5A2-4E62-CBAC-BC88866E9045}.Release|Any CPU.ActiveCfg = Release|Any CPU
		{06B83F5C-B5A2-4E62-CBAC-BC88866E9045}.Release|Any CPU.Build.0 = Release|Any CPU
	EndGlobalSection
	GlobalSection(SolutionProperties) = preSolution
		HideSolutionNode = FALSE
	EndGlobalSection
	GlobalSection(MonoDevelopProperties) = preSolution
		StartupItem = Assembly-CSharp.csproj
	EndGlobalSection
EndGlobal
